{
  "name": "issue-npm5-node-uuid-test1",
  "version": "1.0.0",
  "lockfileVersion": 1,
  "requires": true,
  "dependencies": {
    "issue-npm5-node-uuid-package1": {
      "version": "github:johansatge/issue-npm5-node-uuid-package1#f502fc0984a714ef305b607bbe6c4fcbe3f9d4cd",
      "requires": {
        "issue-npm5-node-uuid-package2": "github:johansatge/issue-npm5-node-uuid-package2#53499ad1c99c2ee9cc83a54b924f455a412dc19a"
      },
      "dependencies": {
        "issue-npm5-node-uuid-package2": {
          "version": "github:johansatge/issue-npm5-node-uuid-package2#53499ad1c99c2ee9cc83a54b924f455a412dc19a",
          "requires": {
            "node-uuid": "1.4.8"
          }
        }
      }
    },
    "issue-npm5-node-uuid-package2": {
      "version": "github:johansatge/issue-npm5-node-uuid-package2#0a630bf5933077de8cc25884109ec3acc2ea286f",
      "requires": {
        "uuid": "3.1.0"
      },
      "dependencies": {
        "uuid": {
          "version": "3.1.0",
          "resolved": "https://registry.npmjs.org/uuid/-/uuid-3.1.0.tgz",
          "integrity": "sha512-DIWtzUkw04M4k3bf1IcpS2tngXEL26YUD2M0tMDUpnUrz2hgzUBlD55a4FjdLGPvfHxS6uluGWvaVEqgBcVa+g=="
        }
      }
    },
    "node-uuid": {
      "version": "1.4.8",
      "resolved": "https://registry.npmjs.org/node-uuid/-/node-uuid-1.4.8.tgz",
      "integrity": "sha1-sEDrCSOWivq/jTL7HxfxFn/auQc="
    }
  }
}
